
Microsoft Visual Studio Solution File, Format Version 12.00
# Visual Studio 15
VisualStudioVersion = 15.0.28010.2016
MinimumVisualStudioVersion = 10.0.40219.1
Project("{2150E333-8FDC-42A3-9474-1A3956D46DE8}") = "1_Api", "1_Api", "{B4DF73CC-F0A6-4BA5-BB89-C94B3DCE2937}"
EndProject
Project("{FAE04EC0-301F-11D3-BF4B-00C04F79EFBC}") = "Namtar.Api", "Namtar.Api\Namtar.Api.csproj", "{359F29FF-60B9-4282-AA14-188A90A4D3D8}"
EndProject
Global
	GlobalSection(SolutionConfigurationPlatforms) = preSolution
		Debug|Any CPU = Debug|Any CPU
		Release|Any CPU = Release|Any CPU
	EndGlobalSection
	GlobalSection(ProjectConfigurationPlatforms) = postSolution
		{359F29FF-60B9-4282-AA14-188A90A4D3D8}.Debug|Any CPU.ActiveCfg = Debug|Any CPU
		{359F29FF-60B9-4282-AA14-188A90A4D3D8}.Debug|Any CPU.Build.0 = Debug|Any CPU
		{359F29FF-60B9-4282-AA14-188A90A4D3D8}.Release|Any CPU.ActiveCfg = Release|Any CPU
		{359F29FF-60B9-4282-AA14-188A90A4D3D8}.Release|Any CPU.Build.0 = Release|Any CPU
	EndGlobalSection
	GlobalSection(SolutionProperties) = preSolution
		HideSolutionNode = FALSE
	EndGlobalSection
	GlobalSection(NestedProjects) = preSolution
		{359F29FF-60B9-4282-AA14-188A90A4D3D8} = {B4DF73CC-F0A6-4BA5-BB89-C94B3DCE2937}
	EndGlobalSection
	GlobalSection(ExtensibilityGlobals) = postSolution
		SolutionGuid = {D7C8A1E0-9D84-4AC6-BF97-9B5FAB418526}
	EndGlobalSection
EndGlobal
